<?xml version="1.0" encoding="utf-8"?>
<Project ToolsVersion="4.0" xmlns="http://schemas.microsoft.com/developer/msbuild/2003">
  <ItemGroup>
    <Filter Include="Source Files">
      <UniqueIdentifier>{4FC737F1-C7A5-4376-A066-2A32D752A2FF}</UniqueIdentifier>
      <Extensions>cpp;c;cc;cxx;def;odl;idl;hpj;bat;asm;asmx</Extensions>
    </Filter>
    <Filter Include="Header Files">
      <UniqueIdentifier>{93995380-89BD-4b04-88EB-625FBE52EBFB}</UniqueIdentifier>
      <Extensions>h;hh;hpp;hxx;hm;inl;inc;xsd</Extensions>
    </Filter>
    <Filter Include="Resource Files">
      <UniqueIdentifier>{67DA6AB6-F800-4c08-8B7A-83BB121AAD01}</UniqueIdentifier>
      <Extensions>rc;ico;cur;bmp;dlg;rc2;rct;bin;rgs;gif;jpg;jpeg;jpe;resx;tiff;tif;png;wav;mfcribbon-ms</Extensions>
    </Filter>
    <Filter Include="PEInfo">
      <UniqueIdentifier>{17010777-e423-46ad-ac31-5b6f88d73517}</UniqueIdentifier>
    </Filter>
    <Filter Include="PSInfo">
      <UniqueIdentifier>{94df3156-8c55-4fd0-b7ca-09f25e808484}</UniqueIdentifier>
    </Filter>
  </ItemGroup>
  <ItemGroup>
    <Text Include="ReadMe.txt" />
  </ItemGroup>
  <ItemGroup>
    <ClInclude Include="stdafx.h">
      <Filter>Header Files</Filter>
    </ClInclude>
    <ClInclude Include="targetver.h">
      <Filter>Header Files</Filter>
    </ClInclude>
    <ClInclude Include="PEInfo\PEInfo.h">
      <Filter>PEInfo</Filter>
    </ClInclude>
    <ClInclude Include="PEInfo\PEInfo_main.h">
      <Filter>PEInfo</Filter>
    </ClInclude>
    <ClInclude Include="PSInfo\PSInfo.h">
      <Filter>PSInfo</Filter>
    </ClInclude>
    <ClInclude Include="PSInfo\PSInfo_main.h">
      <Filter>PSInfo</Filter>
    </ClInclude>
  </ItemGroup>
  <ItemGroup>
    <ClCompile Include="stdafx.cpp">
      <Filter>Source Files</Filter>
    </ClCompile>
    <ClCompile Include="WinQ.cpp">
      <Filter>Source Files</Filter>
    </ClCompile>
    <ClCompile Include="PEInfo\PEInfo.cpp">
      <Filter>PEInfo</Filter>
    </ClCompile>
    <ClCompile Include="PEInfo\PEInfo_main.cpp">
      <Filter>PEInfo</Filter>
    </ClCompile>
    <ClCompile Include="PSInfo\PSInfo.cpp">
      <Filter>PSInfo</Filter>
    </ClCompile>
    <ClCompile Include="PSInfo\PSInfo_main.cpp">
      <Filter>PSInfo</Filter>
    </ClCompile>
  </ItemGroup>
</Project>